lockfileVersion: '9.0'

settings:
  autoInstallPeers: true
  excludeLinksFromLockfile: false

importers:

  .:
    dependencies:
      maxmind:
        specifier: ^5.0.6
        version: 5.0.6
      p-limit:
        specifier: ^7.3.0
        version: 7.3.0
    devDependencies:
      '@vercel/ncc':
        specifier: ^0.38.4
        version: 0.38.4
      postject:
        specifier: 1.0.0-alpha.6
        version: 1.0.0-alpha.6

packages:

  '@vercel/ncc@0.38.4':
    resolution: {integrity: sha512-8LwjnlP39s08C08J5NstzriPvW1SP8Zfpp1BvC2sI35kPeZnHfxVkCwu4/+Wodgnd60UtT1n8K8zw+Mp7J9JmQ==}
    hasBin: true

  commander@9.5.0:
    resolution: {integrity: sha512-KRs7WVDKg86PWiuAqhDrAQnTXZKraVcCc6vFdL14qrZ/DcWwuRo7VoiYXalXO7S5GKpqYiVEwCbgFDfxNHKJBQ==}
    engines: {node: ^12.20.0 || >=14}

  maxmind@5.0.6:
    resolution: {integrity: sha512-5bvd/u+kIaTqaGM+xkXjatzQw1dQfSmlLggr2W1EKMyMxSgx2woZyusLpNpZ4DdPmL+1bbJWeo4LXsi6bC0Iew==}
    engines: {node: '>=12', npm: '>=6'}

  mmdb-lib@3.0.2:
    resolution: {integrity: sha512-7e87vk0DdWT647wjcfEtWeMtjm+zVGqNohN/aeIymbUfjHQ2T4Sx5kM+1irVDBSloNC3CkGKxswdMoo8yhqTDg==}
    engines: {node: '>=10', npm: '>=6'}

  p-limit@7.3.0:
    resolution: {integrity: sha512-7cIXg/Z0M5WZRblrsOla88S4wAK+zOQQWeBYfV3qJuJXMr+LnbYjaadrFaS0JILfEDPVqHyKnZ1Z/1d6J9VVUw==}
    engines: {node: '>=20'}

  postject@1.0.0-alpha.6:
    resolution: {integrity: sha512-b9Eb8h2eVqNE8edvKdwqkrY6O7kAwmI8kcnBv1NScolYJbo59XUF0noFq+lxbC1yN20bmC0WBEbDC5H/7ASb0A==}
    engines: {node: '>=14.0.0'}
    hasBin: true

  tiny-lru@13.0.0:
    resolution: {integrity: sha512-xDHxKKS1FdF0Tv2P+QT7IeSEg74K/8cEDzbv3Tv6UyHHUgBOjOiQiBp818MGj66dhurQus/IBcoAbwIKtSGc6Q==}
    engines: {node: '>=14'}

  yocto-queue@1.2.2:
    resolution: {integrity: sha512-4LCcse/U2MHZ63HAJVE+v71o7yOdIe4cZ70Wpf8D/IyjDKYQLV5GD46B+hSTjJsvV5PztjvHoU580EftxjDZFQ==}
    engines: {node: '>=12.20'}

snapshots:

  '@vercel/ncc@0.38.4': {}

  commander@9.5.0: {}

  maxmind@5.0.6:
    dependencies:
      mmdb-lib: 3.0.2
      tiny-lru: 13.0.0

  mmdb-lib@3.0.2: {}

  p-limit@7.3.0:
    dependencies:
      yocto-queue: 1.2.2

  postject@1.0.0-alpha.6:
    dependencies:
      commander: 9.5.0

  tiny-lru@13.0.0: {}

  yocto-queue@1.2.2: {}
